
Microsoft Visual Studio Solution File, Format Version 12.00
# Visual Studio Version 16
VisualStudioVersion = 16.0.30406.217
MinimumVisualStudioVersion = 10.0.40219.1
Project("{FAE04EC0-301F-11D3-BF4B-00C04F79EFBC}") = "MFUnitTest_2013", "Legacy\MFUnitTest_2013\MFUnitTest_2013.csproj", "{3031713D-B722-46B5-8B4B-30BA8A15FF08}"
EndProject
Project("{FAE04EC0-301F-11D3-BF4B-00C04F79EFBC}") = "MFUnitTest_2012", "Legacy\MFUnitTest_2012\MFUnitTest_2012.csproj", "{8E764691-EF6A-4646-B53E-282DA94A0CB6}"
EndProject
Project("{FAE04EC0-301F-11D3-BF4B-00C04F79EFBC}") = "ProjectTemplate_2012", "Legacy\ProjectTemplate_2012\ProjectTemplate_2012.csproj", "{A07195E2-E203-4659-8714-5433E514589A}"
EndProject
Project("{FAE04EC0-301F-11D3-BF4B-00C04F79EFBC}") = "ProjectTemplate_2013", "Legacy\ProjectTemplate_2013\ProjectTemplate_2013.csproj", "{E7BEB77B-88B2-44A9-9C2B-0BC61711D790}"
EndProject
Project("{FAE04EC0-301F-11D3-BF4B-00C04F79EFBC}") = "MFUnitTest.Core", "MFUnitTest.Core\MFUnitTest.Core.csproj", "{03CAA7C9-81CB-4C00-8CFF-8457086FF4FC}"
EndProject
Project("{FAE04EC0-301F-11D3-BF4B-00C04F79EFBC}") = "MFUnitTest_2015", "Legacy\MFUnitTest_2015\MFUnitTest_2015.csproj", "{407A8B99-3325-45A5-9DDE-041B0E496101}"
EndProject
Project("{FAE04EC0-301F-11D3-BF4B-00C04F79EFBC}") = "ProjectTemplate_2015", "Legacy\ProjectTemplate_2015\ProjectTemplate_2015.csproj", "{117D47E7-CFD1-4534-AEEB-F31DA00F9D67}"
EndProject
Project("{FAE04EC0-301F-11D3-BF4B-00C04F79EFBC}") = "MFUnitTest_2017", "Legacy\MFUnitTest_2017\MFUnitTest_2017.csproj", "{7C16D19B-31B5-4A4E-BC14-DE10E9F27D2F}"
EndProject
Project("{FAE04EC0-301F-11D3-BF4B-00C04F79EFBC}") = "ProjectTemplate_2017", "Legacy\ProjectTemplate_2017\ProjectTemplate_2017.csproj", "{7E292966-89D4-474B-8277-DC303B494DC1}"
EndProject
Project("{FAE04EC0-301F-11D3-BF4B-00C04F79EFBC}") = "MFUnitTest.Package", "MFUnitTest.Package\MFUnitTest.Package.csproj", "{16887CF4-C203-4ECD-813D-48E3AB8EC93E}"
EndProject
Project("{FAE04EC0-301F-11D3-BF4B-00C04F79EFBC}") = "MFUnitTest.ProjectTemplate", "MFUnitTest.ProjectTemplate\MFUnitTest.ProjectTemplate.csproj", "{A68A7BE6-647B-47C6-856D-EE05AB890723}"
EndProject
Project("{2150E333-8FDC-42A3-9474-1A3956D46DE8}") = "Legacy", "Legacy", "{DDD2D65D-7F75-497D-A30A-43CA14DDF4D0}"
EndProject
Global
	GlobalSection(SolutionConfigurationPlatforms) = preSolution
		Debug|Any CPU = Debug|Any CPU
		Release|Any CPU = Release|Any CPU
	EndGlobalSection
	GlobalSection(ProjectConfigurationPlatforms) = postSolution
		{3031713D-B722-46B5-8B4B-30BA8A15FF08}.Debug|Any CPU.ActiveCfg = Debug|Any CPU
		{3031713D-B722-46B5-8B4B-30BA8A15FF08}.Debug|Any CPU.Build.0 = Debug|Any CPU
		{3031713D-B722-46B5-8B4B-30BA8A15FF08}.Release|Any CPU.ActiveCfg = Release|Any CPU
		{3031713D-B722-46B5-8B4B-30BA8A15FF08}.Release|Any CPU.Build.0 = Release|Any CPU
		{8E764691-EF6A-4646-B53E-282DA94A0CB6}.Debug|Any CPU.ActiveCfg = Debug|Any CPU
		{8E764691-EF6A-4646-B53E-282DA94A0CB6}.Debug|Any CPU.Build.0 = Debug|Any CPU
		{8E764691-EF6A-4646-B53E-282DA94A0CB6}.Release|Any CPU.ActiveCfg = Release|Any CPU
		{8E764691-EF6A-4646-B53E-282DA94A0CB6}.Release|Any CPU.Build.0 = Release|Any CPU
		{A07195E2-E203-4659-8714-5433E514589A}.Debug|Any CPU.ActiveCfg = Debug|Any CPU
		{A07195E2-E203-4659-8714-5433E514589A}.Debug|Any CPU.Build.0 = Debug|Any CPU
		{A07195E2-E203-4659-8714-5433E514589A}.Release|Any CPU.ActiveCfg = Release|Any CPU
		{A07195E2-E203-4659-8714-5433E514589A}.Release|Any CPU.Build.0 = Release|Any CPU
		{E7BEB77B-88B2-44A9-9C2B-0BC61711D790}.Debug|Any CPU.ActiveCfg = Debug|Any CPU
		{E7BEB77B-88B2-44A9-9C2B-0BC61711D790}.Debug|Any CPU.Build.0 = Debug|Any CPU
		{E7BEB77B-88B2-44A9-9C2B-0BC61711D790}.Release|Any CPU.ActiveCfg = Release|Any CPU
		{E7BEB77B-88B2-44A9-9C2B-0BC61711D790}.Release|Any CPU.Build.0 = Release|Any CPU
		{03CAA7C9-81CB-4C00-8CFF-8457086FF4FC}.Debug|Any CPU.ActiveCfg = Debug|Any CPU
		{03CAA7C9-81CB-4C00-8CFF-8457086FF4FC}.Debug|Any CPU.Build.0 = Debug|Any CPU
		{03CAA7C9-81CB-4C00-8CFF-8457086FF4FC}.Release|Any CPU.ActiveCfg = Release|Any CPU
		{03CAA7C9-81CB-4C00-8CFF-8457086FF4FC}.Release|Any CPU.Build.0 = Release|Any CPU
		{407A8B99-3325-45A5-9DDE-041B0E496101}.Debug|Any CPU.ActiveCfg = Debug|Any CPU
		{407A8B99-3325-45A5-9DDE-041B0E496101}.Debug|Any CPU.Build.0 = Debug|Any CPU
		{407A8B99-3325-45A5-9DDE-041B0E496101}.Release|Any CPU.ActiveCfg = Release|Any CPU
		{407A8B99-3325-45A5-9DDE-041B0E496101}.Release|Any CPU.Build.0 = Release|Any CPU
		{117D47E7-CFD1-4534-AEEB-F31DA00F9D67}.Debug|Any CPU.ActiveCfg = Debug|Any CPU
		{117D47E7-CFD1-4534-AEEB-F31DA00F9D67}.Debug|Any CPU.Build.0 = Debug|Any CPU
		{117D47E7-CFD1-4534-AEEB-F31DA00F9D67}.Release|Any CPU.ActiveCfg = Release|Any CPU
		{117D47E7-CFD1-4534-AEEB-F31DA00F9D67}.Release|Any CPU.Build.0 = Release|Any CPU
		{7C16D19B-31B5-4A4E-BC14-DE10E9F27D2F}.Debug|Any CPU.ActiveCfg = Debug|Any CPU
		{7C16D19B-31B5-4A4E-BC14-DE10E9F27D2F}.Debug|Any CPU.Build.0 = Debug|Any CPU
		{7C16D19B-31B5-4A4E-BC14-DE10E9F27D2F}.Release|Any CPU.ActiveCfg = Release|Any CPU
		{7C16D19B-31B5-4A4E-BC14-DE10E9F27D2F}.Release|Any CPU.Build.0 = Release|Any CPU
		{7E292966-89D4-474B-8277-DC303B494DC1}.Debug|Any CPU.ActiveCfg = Debug|Any CPU
		{7E292966-89D4-474B-8277-DC303B494DC1}.Debug|Any CPU.Build.0 = Debug|Any CPU
		{7E292966-89D4-474B-8277-DC303B494DC1}.Release|Any CPU.ActiveCfg = Release|Any CPU
		{7E292966-89D4-474B-8277-DC303B494DC1}.Release|Any CPU.Build.0 = Release|Any CPU
		{16887CF4-C203-4ECD-813D-48E3AB8EC93E}.Debug|Any CPU.ActiveCfg = Debug|Any CPU
		{16887CF4-C203-4ECD-813D-48E3AB8EC93E}.Debug|Any CPU.Build.0 = Debug|Any CPU
		{16887CF4-C203-4ECD-813D-48E3AB8EC93E}.Release|Any CPU.ActiveCfg = Release|Any CPU
		{16887CF4-C203-4ECD-813D-48E3AB8EC93E}.Release|Any CPU.Build.0 = Release|Any CPU
		{A68A7BE6-647B-47C6-856D-EE05AB890723}.Debug|Any CPU.ActiveCfg = Debug|Any CPU
		{A68A7BE6-647B-47C6-856D-EE05AB890723}.Debug|Any CPU.Build.0 = Debug|Any CPU
		{A68A7BE6-647B-47C6-856D-EE05AB890723}.Release|Any CPU.ActiveCfg = Release|Any CPU
		{A68A7BE6-647B-47C6-856D-EE05AB890723}.Release|Any CPU.Build.0 = Release|Any CPU
	EndGlobalSection
	GlobalSection(SolutionProperties) = preSolution
		HideSolutionNode = FALSE
	EndGlobalSection
	GlobalSection(NestedProjects) = preSolution
		{3031713D-B722-46B5-8B4B-30BA8A15FF08} = {DDD2D65D-7F75-497D-A30A-43CA14DDF4D0}
		{8E764691-EF6A-4646-B53E-282DA94A0CB6} = {DDD2D65D-7F75-497D-A30A-43CA14DDF4D0}
		{A07195E2-E203-4659-8714-5433E514589A} = {DDD2D65D-7F75-497D-A30A-43CA14DDF4D0}
		{E7BEB77B-88B2-44A9-9C2B-0BC61711D790} = {DDD2D65D-7F75-497D-A30A-43CA14DDF4D0}
		{407A8B99-3325-45A5-9DDE-041B0E496101} = {DDD2D65D-7F75-497D-A30A-43CA14DDF4D0}
		{117D47E7-CFD1-4534-AEEB-F31DA00F9D67} = {DDD2D65D-7F75-497D-A30A-43CA14DDF4D0}
		{7C16D19B-31B5-4A4E-BC14-DE10E9F27D2F} = {DDD2D65D-7F75-497D-A30A-43CA14DDF4D0}
		{7E292966-89D4-474B-8277-DC303B494DC1} = {DDD2D65D-7F75-497D-A30A-43CA14DDF4D0}
	EndGlobalSection
	GlobalSection(ExtensibilityGlobals) = postSolution
		SolutionGuid = {873E8743-8380-41B5-ABA9-CEEAF6F573EF}
	EndGlobalSection
EndGlobal
